
Microsoft Visual Studio Solution File, Format Version 12.00
# Visual Studio Version 17
VisualStudioVersion = 17.4.33403.182
MinimumVisualStudioVersion = 10.0.40219.1
Project("{8BC9CEB8-8B4A-11D0-8D11-00A0C91BC942}") = "computerGraficLab3", "computerGraficLab3\computerGraficLab3.vcxproj", "{524BA524-64FB-478B-BD3A-5CFA8143B0F5}"
EndProject
Global
	GlobalSection(SolutionConfigurationPlatforms) = preSolution
		Debug|x64 = Debug|x64
		Debug|x86 = Debug|x86
		Release|x64 = Release|x64
		Release|x86 = Release|x86
	EndGlobalSection
	GlobalSection(ProjectConfigurationPlatforms) = postSolution
		{524BA524-64FB-478B-BD3A-5CFA8143B0F5}.Debug|x64.ActiveCfg = Debug|x64
		{524BA524-64FB-478B-BD3A-5CFA8143B0F5}.Debug|x64.Build.0 = Debug|x64
		{524BA524-64FB-478B-BD3A-5CFA8143B0F5}.Debug|x86.ActiveCfg = Debug|Win32
		{524BA524-64FB-478B-BD3A-5CFA8143B0F5}.Debug|x86.Build.0 = Debug|Win32
		{524BA524-64FB-478B-BD3A-5CFA8143B0F5}.Release|x64.ActiveCfg = Release|x64
		{524BA524-64FB-478B-BD3A-5CFA8143B0F5}.Release|x64.Build.0 = Release|x64
		{524BA524-64FB-478B-BD3A-5CFA8143B0F5}.Release|x86.ActiveCfg = Release|Win32
		{524BA524-64FB-478B-BD3A-5CFA8143B0F5}.Release|x86.Build.0 = Release|Win32
	EndGlobalSection
	GlobalSection(SolutionProperties) = preSolution
		HideSolutionNode = FALSE
	EndGlobalSection
	GlobalSection(ExtensibilityGlobals) = postSolution
		SolutionGuid = {B384BD4F-F335-4C7A-9D5C-F01D99AFD5CF}
	EndGlobalSection
EndGlobal
